
Microsoft Visual Studio Solution File, Format Version 12.00
# Visual Studio Version 16
VisualStudioVersion = 16.0.30611.23
MinimumVisualStudioVersion = 10.0.40219.1
Project("{FAE04EC0-301F-11D3-BF4B-00C04F79EFBC}") = "RSAlgorithm", "RSAlgorithm\RSAlgorithm.csproj", "{F31FF07E-FFEE-4980-AB97-44622C367008}"
EndProject
Project("{FAE04EC0-301F-11D3-BF4B-00C04F79EFBC}") = "RSACalculate", "RSACalculate\RSACalculate.csproj", "{6884203B-D6B3-48A6-A453-350FD5D54CFC}"
EndProject
Global
	GlobalSection(SolutionConfigurationPlatforms) = preSolution
		Debug|Any CPU = Debug|Any CPU
		Release|Any CPU = Release|Any CPU
	EndGlobalSection
	GlobalSection(ProjectConfigurationPlatforms) = postSolution
		{F31FF07E-FFEE-4980-AB97-44622C367008}.Debug|Any CPU.ActiveCfg = Debug|Any CPU
		{F31FF07E-FFEE-4980-AB97-44622C367008}.Debug|Any CPU.Build.0 = Debug|Any CPU
		{F31FF07E-FFEE-4980-AB97-44622C367008}.Release|Any CPU.ActiveCfg = Release|Any CPU
		{F31FF07E-FFEE-4980-AB97-44622C367008}.Release|Any CPU.Build.0 = Release|Any CPU
		{6884203B-D6B3-48A6-A453-350FD5D54CFC}.Debug|Any CPU.ActiveCfg = Debug|Any CPU
		{6884203B-D6B3-48A6-A453-350FD5D54CFC}.Debug|Any CPU.Build.0 = Debug|Any CPU
		{6884203B-D6B3-48A6-A453-350FD5D54CFC}.Release|Any CPU.ActiveCfg = Release|Any CPU
		{6884203B-D6B3-48A6-A453-350FD5D54CFC}.Release|Any CPU.Build.0 = Release|Any CPU
	EndGlobalSection
	GlobalSection(SolutionProperties) = preSolution
		HideSolutionNode = FALSE
	EndGlobalSection
	GlobalSection(ExtensibilityGlobals) = postSolution
		SolutionGuid = {7ECE95F4-8D79-417C-9BD6-3818D0A3A171}
	EndGlobalSection
EndGlobal
